
Microsoft Visual Studio Solution File, Format Version 12.00
# Visual Studio Version 17
VisualStudioVersion = 17.4.33205.214
MinimumVisualStudioVersion = 10.0.40219.1
Project("{9A19103F-16F7-4668-BE54-9A1E7A4F7556}") = "Final_Project_PRN221", "Final_Project_PRN221\Final_Project_PRN221.csproj", "{4900C36B-E3A1-4A24-A777-B97A56B3FAEA}"
EndProject
Global
	GlobalSection(SolutionConfigurationPlatforms) = preSolution
		Debug|Any CPU = Debug|Any CPU
		Release|Any CPU = Release|Any CPU
	EndGlobalSection
	GlobalSection(ProjectConfigurationPlatforms) = postSolution
		{4900C36B-E3A1-4A24-A777-B97A56B3FAEA}.Debug|Any CPU.ActiveCfg = Debug|Any CPU
		{4900C36B-E3A1-4A24-A777-B97A56B3FAEA}.Debug|Any CPU.Build.0 = Debug|Any CPU
		{4900C36B-E3A1-4A24-A777-B97A56B3FAEA}.Release|Any CPU.ActiveCfg = Release|Any CPU
		{4900C36B-E3A1-4A24-A777-B97A56B3FAEA}.Release|Any CPU.Build.0 = Release|Any CPU
	EndGlobalSection
	GlobalSection(SolutionProperties) = preSolution
		HideSolutionNode = FALSE
	EndGlobalSection
	GlobalSection(ExtensibilityGlobals) = postSolution
		SolutionGuid = {B1B7EA62-CE36-4C51-904F-EA4BE81DB9E6}
	EndGlobalSection
EndGlobal
